github.com/confluentinc/confluent-kafka-go v0.11.6/go.mod h1:u2zNLny2xq+5rWeTQjFHbDzzNuba4P1vo31r9r4uAdg=
github.com/davecgh/go-spew v1.1.0/go.mod h1:J7Y8YcW2NihsgmVo/mv3lAwl/skON4iLHjSsI+c5H38=
github.com/davecgh/go-spew v1.1.1/go.mod h1:J7Y8YcW2NihsgmVo/mv3lAwl/skON4iLHjSsI+c5H38=
github.com/golang/mock v1.2.0/go.mod h1:oTYuIxOrZwtPieC+H1uAHpcLFnEyAGVDL/k47Jfbm0A=
github.com/landoop/schema-registry v0.0.0-20181115093143-9861c67a815b/go.mod h1:yITyTTMx2IS5mpfZjQ64gJhL5U5RvcorFBu+z4/euXg=
github.com/pmezard/go-difflib v1.0.0/go.mod h1:iKH77koFhYxTK1pcRnkKkqfTogsbg7gZNVY4sRDYZ/4=
github.com/rbock44/okfw-confluent-go v0.0.0-20190223074426-9da106846b4f h1:blcOVLnZ4kUVBto45X7X1qRYQmPwfjdnt+fX+EXeSZc=
github.com/rbock44/okfw-confluent-go v0.0.0-20190223083339-f7fcaa35147f h1:r/EI3JiDMzJgTftM5duAJJ20OPrU444mae8nkn5A+uc=
github.com/rbock44/okfw-confluent-go v0.0.0-20190223084521-1af3f784743f h1:JxwvKyO0faJG8V4z1AchpLOzKYrJcSeEeptYCKQf8OI=
github.com/rbock44/okfw-confluent-go v0.0.0-20190223085808-35be1de463a0 h1:pPvsAu54BX4/SwZN+k3P8I6EhR7wjyzdsyGj881h/64=
github.com/rbock44/okfw-confluent-go v0.0.0-20190223092515-6b656ae0e052 h1:eGNOcEHuscTu+L+uwJWmZBUzJlS3zbZ8+zBnqV+6FQc=
github.com/rbock44/okfw-kafka-go v0.0.0-20190223094711-067d4b566627 h1:TxGdU6aGUkJzNdsTWGlo2eP3mB4xdBmUmWpJ6s4MgiE=
github.com/rbock44/okfw-kafka-go v0.0.0-20190223094711-067d4b566627/go.mod h1:Dm0K0Fvm86xX8/TaAaohyfV9Mg5iRZgmy6hAaIxm88Q=
github.com/stretchr/objx v0.1.0/go.mod h1:HFkY916IF+rwdDfMAkV7OtwuqBVzrE8GR6GFx+wExME=
github.com/stretchr/objx v0.1.1/go.mod h1:HFkY916IF+rwdDfMAkV7OtwuqBVzrE8GR6GFx+wExME=
github.com/stretchr/testify v1.3.0/go.mod h1:M5WIy9Dh21IEIfnGCwXGc5bZfKNJtfHm1UVUgZn+9EI=
