github.com/AndreasBriese/bbloom v0.0.0-20180913140656-343706a395b7 h1:PqzgE6kAMi81xWQA2QIVxjWkFHptGgC547vchpUbtFo=
github.com/AndreasBriese/bbloom v0.0.0-20180913140656-343706a395b7/go.mod h1:bOvUY6CB00SOBii9/FifXqc0awNKxLFCL/+pkDPuyl8=
github.com/confluentinc/confluent-kafka-go v0.11.6 h1:rEblubnNXCjRThwAGnFSzLKYIRAoXLDC3A9r4ciziHU=
github.com/confluentinc/confluent-kafka-go v0.11.6/go.mod h1:u2zNLny2xq+5rWeTQjFHbDzzNuba4P1vo31r9r4uAdg=
github.com/davecgh/go-spew v1.1.0 h1:ZDRjVQ15GmhC3fiQ8ni8+OwkZQO4DARzQgrnXU1Liz8=
github.com/davecgh/go-spew v1.1.0/go.mod h1:J7Y8YcW2NihsgmVo/mv3lAwl/skON4iLHjSsI+c5H38=
github.com/dgraph-io/badger v1.5.3 h1:5oWIuRvwn93cie+OSt1zSnkaIQ1JFQM8bGlIv6O6Sts=
github.com/dgraph-io/badger v1.5.3/go.mod h1:VZxzAIRPHRVNRKRo6AXrX9BJegn6il06VMTZVJYCIjQ=
github.com/dgraph-io/badger v1.5.4 h1:gVTrpUTbbr/T24uvoCaqY2KSHfNLVGm0w+hbee2HMeg=
github.com/dgraph-io/badger v1.5.4/go.mod h1:VZxzAIRPHRVNRKRo6AXrX9BJegn6il06VMTZVJYCIjQ=
github.com/dgryski/go-farm v0.0.0-20190104051053-3adb47b1fb0f h1:dDxpBYafY/GYpcl+LS4Bn3ziLPuEdGRkRjYAbSlWxSA=
github.com/dgryski/go-farm v0.0.0-20190104051053-3adb47b1fb0f/go.mod h1:SqUrOPUnsFjfmXRMNPybcSiG0BgUW2AuFH8PAnS2iTw=
github.com/golang/mock v1.2.0 h1:28o5sBqPkBsMGnC6b4MvE2TzSr5/AT4c/1fLqVGIwlk=
github.com/golang/mock v1.2.0/go.mod h1:oTYuIxOrZwtPieC+H1uAHpcLFnEyAGVDL/k47Jfbm0A=
github.com/golang/protobuf v1.2.0 h1:P3YflyNX/ehuJFLhxviNdFxQPkGK5cDcApsge1SqnvM=
github.com/golang/protobuf v1.2.0/go.mod h1:6lQm79b+lXiMfvg/cZm0SGofjICqVBUtrP5yJMmIC1U=
github.com/golang/snappy v0.0.0-20170215233205-553a64147049/go.mod h1:/XxbfmMg8lxefKM7IXC3fBNl/7bRcc72aCRzEWrmP2Q=
github.com/golang/snappy v0.0.0-20180518054509-2e65f85255db h1:woRePGFeVFfLKN/pOkfl+p/TAqKOfFu+7KPlMVpok/w=
github.com/golang/snappy v0.0.0-20180518054509-2e65f85255db/go.mod h1:/XxbfmMg8lxefKM7IXC3fBNl/7bRcc72aCRzEWrmP2Q=
github.com/google/pprof v0.0.0-20190109223431-e84dfd68c163 h1:beB+Da4k9B1zmgag78k3k1Bx4L/fdWr5FwNa0f8RxmY=
github.com/google/pprof v0.0.0-20190109223431-e84dfd68c163/go.mod h1:zfwlbNMJ+OItoe0UupaVj+oy1omPYYDuagoSzA8v9mc=
github.com/landoop/schema-registry v0.0.0-20181115093143-9861c67a815b h1:68gYpPcRBMv6rKzLUkcHTUQ9rkrPShLyCzEwGVctGDM=
github.com/landoop/schema-registry v0.0.0-20181115093143-9861c67a815b/go.mod h1:yITyTTMx2IS5mpfZjQ64gJhL5U5RvcorFBu+z4/euXg=
github.com/linkedin/goavro v0.0.0-20180427113916-2f3e1dff9761 h1:2J8vvdoKw+MZLtcDGhpLDbir1EbWvbnN5TYFjYscRZo=
github.com/linkedin/goavro v0.0.0-20180427113916-2f3e1dff9761/go.mod h1:lQ/FVrZrTVz2+ndl1cU7XZhOx3uZewreLn3S55fE4pQ=
github.com/linkedin/goavro v0.0.0-20190107154434-af12b3c46392 h1:vpBtk7Vs2zcqDrs0HI3cXk0DijLveIgDbY0B4dBg72U=
github.com/linkedin/goavro v0.0.0-20190107154434-af12b3c46392/go.mod h1:vL3ODoWTPCBSeKVFgQ+lvSq0VOzTB5TcXvUX+4pU/+Q=
github.com/linkedin/goavro v2.1.0+incompatible h1:DV2aUlj2xZiuxQyvag8Dy7zjY69ENjS66bWkSfdpddY=
github.com/linkedin/goavro v2.1.0+incompatible/go.mod h1:bBCwI2eGYpUI/4820s67MElg9tdeLbINjLjiM2xZFYM=
github.com/pkg/errors v0.8.1 h1:iURUrRGxPUNPdy5/HRSm+Yj6okJ6UtLINN0Q9M4+h3I=
github.com/pkg/errors v0.8.1/go.mod h1:bwawxfHBFNV+L2hUp1rHADufV3IMtnDRdf1r5NINEl0=
github.com/pmezard/go-difflib v1.0.0 h1:4DBwDE0NGyQoBHbLQYPwSUPoCMWR5BEzIk/f1lZbAQM=
github.com/pmezard/go-difflib v1.0.0/go.mod h1:iKH77koFhYxTK1pcRnkKkqfTogsbg7gZNVY4sRDYZ/4=
github.com/rbock44/okfw-kafka-go/kafka v0.0.0-20190223064328-e8441bb7e479 h1:+Wtw77Zbt2FYa9NhWphc6ujhTwLmbSihJhpk6X553Oc=
github.com/rbock44/okfw-kafka-go/kafka v0.0.0-20190223064328-e8441bb7e479/go.mod h1:lBwHKJalRuJH6cuFd98uGHHD0zdYcYfDgvLBfrNR+VY=
github.com/rbock44/okfw-kafka-go/kafka v0.0.0-20190223083223-6a3d712f2d0a h1:U/IFim1kTLyL50lHIXSusFamoqjYnB5gEbi25JM7k/8=
github.com/rbock44/okfw-kafka-go/kafka v0.0.0-20190223083223-6a3d712f2d0a/go.mod h1:9w1IsIYl8Tq9GyGqPApLNOwp3KYzJsbM1cPXXvgfwA0=
github.com/stretchr/objx v0.1.0/go.mod h1:HFkY916IF+rwdDfMAkV7OtwuqBVzrE8GR6GFx+wExME=
github.com/stretchr/testify v1.3.0 h1:TivCn/peBQ7UY8ooIcPgZFpTNSz0Q2U6UrFlUfqbe0Q=
github.com/stretchr/testify v1.3.0/go.mod h1:M5WIy9Dh21IEIfnGCwXGc5bZfKNJtfHm1UVUgZn+9EI=
golang.org/x/arch v0.0.0-20181203225421-5a4828bb7045 h1:Pn8fQdvx+z1avAi7fdM2kRYWQNxGlavNDSyzrQg2SsU=
golang.org/x/arch v0.0.0-20181203225421-5a4828bb7045/go.mod h1:cYlCBUl1MsqxdiKgmc4uh7TxZfWSFLOGSRR090WDxt8=
golang.org/x/net v0.0.0-20190119204137-ed066c81e75e h1:MDa3fSUp6MdYHouVmCCNz/zaH2a6CRcxY3VhT/K3C5Q=
golang.org/x/net v0.0.0-20190119204137-ed066c81e75e/go.mod h1:mL1N/T3taQHkDXs73rZJwtUhF3w3ftmwwsq0BUmARs4=
golang.org/x/sys v0.0.0-20190116161447-11f53e031339 h1:g/Jesu8+QLnA0CPzF3E1pURg0Byr7i6jLoX5sqjcAh0=
golang.org/x/sys v0.0.0-20190116161447-11f53e031339/go.mod h1:STP8DvDyc/dI5b8T5hshtkjS+E42TnysNCUPdjciGhY=
gopkg.in/linkedin/goavro.v1 v1.0.5 h1:BJa69CDh0awSsLUmZ9+BowBdokpduDZSM9Zk8oKHfN4=
gopkg.in/linkedin/goavro.v1 v1.0.5/go.mod h1:Aw5GdAbizjOEl0kAMHV9iHmA8reZzW/OKuJAl4Hb9F0=
