github.com/confluentinc/confluent-kafka-go v0.11.6 h1:rEblubnNXCjRThwAGnFSzLKYIRAoXLDC3A9r4ciziHU=
github.com/confluentinc/confluent-kafka-go v0.11.6/go.mod h1:u2zNLny2xq+5rWeTQjFHbDzzNuba4P1vo31r9r4uAdg=
github.com/davecgh/go-spew v1.1.0/go.mod h1:J7Y8YcW2NihsgmVo/mv3lAwl/skON4iLHjSsI+c5H38=
github.com/davecgh/go-spew v1.1.1/go.mod h1:J7Y8YcW2NihsgmVo/mv3lAwl/skON4iLHjSsI+c5H38=
github.com/golang/mock v1.2.0 h1:28o5sBqPkBsMGnC6b4MvE2TzSr5/AT4c/1fLqVGIwlk=
github.com/golang/mock v1.2.0/go.mod h1:oTYuIxOrZwtPieC+H1uAHpcLFnEyAGVDL/k47Jfbm0A=
github.com/golang/protobuf v1.2.0/go.mod h1:6lQm79b+lXiMfvg/cZm0SGofjICqVBUtrP5yJMmIC1U=
github.com/landoop/schema-registry v0.0.0-20181115093143-9861c67a815b h1:68gYpPcRBMv6rKzLUkcHTUQ9rkrPShLyCzEwGVctGDM=
github.com/landoop/schema-registry v0.0.0-20181115093143-9861c67a815b/go.mod h1:yITyTTMx2IS5mpfZjQ64gJhL5U5RvcorFBu+z4/euXg=
github.com/pmezard/go-difflib v1.0.0/go.mod h1:iKH77koFhYxTK1pcRnkKkqfTogsbg7gZNVY4sRDYZ/4=
github.com/rbock44/okfw-confluent-go v0.0.0-20190223074426-9da106846b4f h1:blcOVLnZ4kUVBto45X7X1qRYQmPwfjdnt+fX+EXeSZc=
github.com/rbock44/okfw-confluent-go v0.0.0-20190223083339-f7fcaa35147f h1:r/EI3JiDMzJgTftM5duAJJ20OPrU444mae8nkn5A+uc=
github.com/rbock44/okfw-confluent-go v0.0.0-20190223084521-1af3f784743f h1:JxwvKyO0faJG8V4z1AchpLOzKYrJcSeEeptYCKQf8OI=
github.com/rbock44/okfw-confluent-go v0.0.0-20190223085808-35be1de463a0 h1:pPvsAu54BX4/SwZN+k3P8I6EhR7wjyzdsyGj881h/64=
github.com/rbock44/okfw-confluent-go v0.0.0-20190223092515-6b656ae0e052 h1:eGNOcEHuscTu+L+uwJWmZBUzJlS3zbZ8+zBnqV+6FQc=
github.com/rbock44/okfw-confluent-go v0.0.0-20190223112008-82bf6d548250 h1:Oyl/ac/64ahtEE4sr8T4f6nnrYcXcDYvTnRikkTHltk=
github.com/rbock44/okfw-confluent-go v0.0.0-20190223172513-b07c63ba8ee7 h1:dUkBYy8A6lALPvi3LKElmKgUdqO7X2mXamGBYecpQY8=
github.com/rbock44/okfw-kafka-go v0.0.0-20190223094711-067d4b566627 h1:TxGdU6aGUkJzNdsTWGlo2eP3mB4xdBmUmWpJ6s4MgiE=
github.com/rbock44/okfw-kafka-go v0.0.0-20190223094711-067d4b566627/go.mod h1:Dm0K0Fvm86xX8/TaAaohyfV9Mg5iRZgmy6hAaIxm88Q=
github.com/rbock44/okfw-kafka-go v0.0.0-20190223133602-7cdae1288e32 h1:jN9w+2iKIlK0Woi8Tp4OrwwSQiuqjfYqyjwWK2jsySY=
github.com/rbock44/okfw-kafka-go v0.0.0-20190223133602-7cdae1288e32/go.mod h1:Dm0K0Fvm86xX8/TaAaohyfV9Mg5iRZgmy6hAaIxm88Q=
github.com/rbock44/okfw-kafka-go v0.0.0-20190223171756-c94b32241609/go.mod h1:Dm0K0Fvm86xX8/TaAaohyfV9Mg5iRZgmy6hAaIxm88Q=
github.com/rbock44/okfw-kafka-go v0.0.0-20190223172320-0899df752728/go.mod h1:Dm0K0Fvm86xX8/TaAaohyfV9Mg5iRZgmy6hAaIxm88Q=
github.com/rbock44/okfw-kafka-go v0.0.0-20190223180449-7733a1bf167f h1:n4lhqCCI3mA1jKFte5gD+26bRHW6SsklHqsso/t7CPY=
github.com/rbock44/okfw-kafka-go v0.0.0-20190223180449-7733a1bf167f/go.mod h1:Dm0K0Fvm86xX8/TaAaohyfV9Mg5iRZgmy6hAaIxm88Q=
github.com/rbock44/okfw-kafka-go v0.0.0-20190223182900-e0c8a98e465c h1:FSTOkTFrl4lnk13M19pVwRZLKsIXnD2ziPoFgv865Hg=
github.com/rbock44/okfw-kafka-go v0.0.0-20190223182900-e0c8a98e465c/go.mod h1:Dm0K0Fvm86xX8/TaAaohyfV9Mg5iRZgmy6hAaIxm88Q=
github.com/rbock44/okfw-kafka-go v0.0.0-20190223185825-6626c338aaad h1:5R3gQ9Ld/6Q/5VIKRHFsf/NBnVrxF/TLklUDS5PQcg4=
github.com/rbock44/okfw-kafka-go v0.0.0-20190223185825-6626c338aaad/go.mod h1:Dm0K0Fvm86xX8/TaAaohyfV9Mg5iRZgmy6hAaIxm88Q=
github.com/rbock44/okfw-kafka-go/kafka v0.0.0-20190223180449-7733a1bf167f h1:QE2lkDetYlkvwx+TicBRhCRaoEYwJO7eYMNv0y4aVoo=
github.com/rbock44/okfw-kafka-go/kafka v0.0.0-20190223180449-7733a1bf167f/go.mod h1:9w1IsIYl8Tq9GyGqPApLNOwp3KYzJsbM1cPXXvgfwA0=
github.com/rbock44/okfw-kafka-go/kafka v0.0.0-20190223182900-e0c8a98e465c h1:8FOZUOJP5GJR1ffhN6eQ6fsmmKWCAPm3p0013KIGVFw=
github.com/rbock44/okfw-kafka-go/kafka v0.0.0-20190223182900-e0c8a98e465c/go.mod h1:9w1IsIYl8Tq9GyGqPApLNOwp3KYzJsbM1cPXXvgfwA0=
github.com/rbock44/okfw-kafka-go/kafka v0.0.0-20190223185825-6626c338aaad h1:oaowSfVDtLBakCr0LymSosDbp8qPSovbodf10nuoaSc=
github.com/rbock44/okfw-kafka-go/kafka v0.0.0-20190223185825-6626c338aaad/go.mod h1:9w1IsIYl8Tq9GyGqPApLNOwp3KYzJsbM1cPXXvgfwA0=
github.com/rbock44/okfw-kafka-go/kafka v0.0.0-20190223204808-d10e176f905d h1:m3++fv4AWtsZfBItB4Iq8X3IlChmjOawV7tUTViI1cE=
github.com/rbock44/okfw-kafka-go/kafka v0.0.0-20190223204808-d10e176f905d/go.mod h1:9w1IsIYl8Tq9GyGqPApLNOwp3KYzJsbM1cPXXvgfwA0=
github.com/rbock44/okfw-kafka-go/kafka v0.0.0-20190223205148-7bf6b83f2071 h1:42fd2PK4cAG5teXrxHcXDxoVH4iPtukcwlBulwDFKm4=
github.com/rbock44/okfw-kafka-go/kafka v0.0.0-20190223205148-7bf6b83f2071/go.mod h1:9w1IsIYl8Tq9GyGqPApLNOwp3KYzJsbM1cPXXvgfwA0=
github.com/rbock44/okfw-kafka-go/kafka v0.0.0-20190223211504-fa53c6217ec5 h1:slGqTJtnepd+ood0/tb9sbfJ81qXGT0XJw5MaqSR+TQ=
github.com/rbock44/okfw-kafka-go/kafka v0.0.0-20190223211504-fa53c6217ec5/go.mod h1:9w1IsIYl8Tq9GyGqPApLNOwp3KYzJsbM1cPXXvgfwA0=
github.com/rbock44/okfw-kafka-go/kafka v0.0.0-20190223212330-ae45d4cfbf66 h1:wxF6U9uCc+a5k/9wmqWebC1wZDR3NQZ05pm4bTbZ5hc=
github.com/rbock44/okfw-kafka-go/kafka v0.0.0-20190223212330-ae45d4cfbf66/go.mod h1:9w1IsIYl8Tq9GyGqPApLNOwp3KYzJsbM1cPXXvgfwA0=
github.com/rbock44/okfw-kafka-go/kafka v0.0.0-20190326215515-90963b3578ae h1:4fnPO10ZV1CwPV2dTcdkdf5gT69Fzo2VzW3piYhdHBs=
github.com/rbock44/okfw-kafka-go/kafka v0.0.0-20190326215515-90963b3578ae/go.mod h1:ZarvhqX8f0SyCtqjRtmi+MleAYKU2r7C3W/cswj8qUM=
github.com/rbock44/okfw-kafka-go/kafka v0.0.0-20190327071600-3d72723ee110 h1:OVC8c4v5m5yQ45X9bMOVwh7V1bZ+XSNLgWXJCz4j4m0=
github.com/rbock44/okfw-kafka-go/kafka v0.0.0-20190327071600-3d72723ee110/go.mod h1:ZarvhqX8f0SyCtqjRtmi+MleAYKU2r7C3W/cswj8qUM=
github.com/rbock44/okfw-kafka-go/kafka v0.0.0-20190327073518-9237b0a51884 h1:+a4tbctRGQKeisWxEwONOQgzaegfHn6mlu+K2ArIDEI=
github.com/rbock44/okfw-kafka-go/kafka v0.0.0-20190327073518-9237b0a51884/go.mod h1:ZarvhqX8f0SyCtqjRtmi+MleAYKU2r7C3W/cswj8qUM=
github.com/rbock44/okfw-kafka-go/kafka v0.0.0-20190327105815-6b4e3eb82dff h1:NpgUQwHjgEFnKeHY8CcFC4uXvWL9E28/AKXCngOu4e4=
github.com/rbock44/okfw-kafka-go/kafka v0.0.0-20190327105815-6b4e3eb82dff/go.mod h1:ZarvhqX8f0SyCtqjRtmi+MleAYKU2r7C3W/cswj8qUM=
github.com/rbock44/okfw-log-go v0.0.0-20190326141108-b9175eb2e46e h1:UqsJLpm3Oa3xXmTYSzmA68qAo9a4TI5TrvekfR3rMiQ=
github.com/rbock44/okfw-log-go v0.0.0-20190326141108-b9175eb2e46e/go.mod h1:bfb0ksWvgZLlhmZq0qf15gmA3gVOqnkX5CREewQWMFM=
github.com/rbock44/okfw-logapi-go v0.0.0-20190326141108-b9175eb2e46e h1:iclYqn2hBnR7LYYrH3Kcl6rHRmB/bkdbEfNDwdnbU1o=
github.com/rbock44/okfw-logapi-go v0.0.0-20190326141108-b9175eb2e46e/go.mod h1:UOS+sBb6BwI+hZwveulAGqPbsuRE+HQ2syXjbjrplH4=
github.com/stretchr/objx v0.1.0/go.mod h1:HFkY916IF+rwdDfMAkV7OtwuqBVzrE8GR6GFx+wExME=
github.com/stretchr/objx v0.1.1/go.mod h1:HFkY916IF+rwdDfMAkV7OtwuqBVzrE8GR6GFx+wExME=
github.com/stretchr/testify v1.3.0/go.mod h1:M5WIy9Dh21IEIfnGCwXGc5bZfKNJtfHm1UVUgZn+9EI=
